{
  "version": 4,
  "terraform_version": "1.3.5",
  "serial": 85,
  "lineage": "06173211-4e1b-621e-8b23-e346b4a2b85d",
  "outputs": {
    "all-ipv4-ips-for-vm": {
      "value": [
        "192.168.3.162"
      ],
      "type": [
        "list",
        "string"
      ]
    },
    "all-ipv4-ips-for-vm2": {
      "value": [
        "192.168.3.163"
      ],
      "type": [
        "list",
        "string"
      ]
    },
    "all-ipv4-ips-for-vm3": {
      "value": [
        "192.168.3.164"
      ],
      "type": [
        "list",
        "string"
      ]
    }
  },
  "resources": [
    {
      "mode": "data",
      "type": "xenorchestra_network",
      "name": "network",
      "provider": "provider[\"registry.terraform.io/terra-farm/xenorchestra\"]",
      "instances": [
        {
          "schema_version": 0,
          "attributes": {
            "bridge": "xapi10",
            "id": "06e1ffdc-30e9-66f7-f265-992376416c35",
            "name_label": "Internal",
            "pool_id": "f212dec4-4682-6045-6dae-1fe80229e66f"
          },
          "sensitive_attributes": []
        }
      ]
    },
    {
      "mode": "data",
      "type": "xenorchestra_pool",
      "name": "pool",
      "provider": "provider[\"registry.terraform.io/terra-farm/xenorchestra\"]",
      "instances": [
        {
          "schema_version": 0,
          "attributes": {
            "cpus": {
              "cores": "16",
              "sockets": "1"
            },
            "description": "",
            "id": "f212dec4-4682-6045-6dae-1fe80229e66f",
            "master": "b2fae86d-40b5-433b-8fd2-09444f2e06d2",
            "name_label": "xcp-ng-Homelab"
          },
          "sensitive_attributes": []
        }
      ]
    },
    {
      "mode": "data",
      "type": "xenorchestra_sr",
      "name": "sr",
      "provider": "provider[\"registry.terraform.io/terra-farm/xenorchestra\"]",
      "instances": [
        {
          "schema_version": 0,
          "attributes": {
            "container": "b2fae86d-40b5-433b-8fd2-09444f2e06d2",
            "id": "8fd11492-f4b9-762c-1583-373ff9b305e9",
            "name_label": "Local storage",
            "physical_usage": 347148079104,
            "pool_id": "f212dec4-4682-6045-6dae-1fe80229e66f",
            "size": 940497162240,
            "sr_type": "ext",
            "tags": null,
            "usage": 2909842440192,
            "uuid": "8fd11492-f4b9-762c-1583-373ff9b305e9"
          },
          "sensitive_attributes": []
        }
      ]
    },
    {
      "mode": "data",
      "type": "xenorchestra_template",
      "name": "template",
      "provider": "provider[\"registry.terraform.io/terra-farm/xenorchestra\"]",
      "instances": [
        {
          "schema_version": 0,
          "attributes": {
            "id": "ef89afef-6799-1040-05e1-2274044a15fa",
            "name_label": "AMI",
            "pool_id": null,
            "uuid": "ef89afef-6799-1040-05e1-2274044a15fa"
          },
          "sensitive_attributes": []
        }
      ]
    },
    {
      "mode": "managed",
      "type": "xenorchestra_vm",
      "name": "vm",
      "provider": "provider[\"registry.terraform.io/terra-farm/xenorchestra\"]",
      "instances": [
        {
          "schema_version": 0,
          "attributes": {
            "affinity_host": "",
            "auto_poweron": true,
            "blocked_operations": [],
            "cdrom": [],
            "cloud_config": null,
            "cloud_network_config": null,
            "core_os": false,
            "cpu_cap": 0,
            "cpu_weight": 0,
            "cpus": 2,
            "disk": [
              {
                "attached": true,
                "name_description": "",
                "name_label": "VM root volume",
                "position": "0",
                "size": 53687091200,
                "sr_id": "8fd11492-f4b9-762c-1583-373ff9b305e9",
                "vbd_id": "e6dfcf67-661d-0ae4-86c9-4eec11494618",
                "vdi_id": "47dcd81d-f5ff-4dcd-82a8-842d46b20dc2"
              }
            ],
            "exp_nested_hvm": false,
            "high_availability": "",
            "host": null,
            "hvm_boot_firmware": "bios",
            "id": "4b85418f-bdd4-77ff-3920-94657517db9f",
            "installation_method": null,
            "ipv4_addresses": [
              "192.168.3.162"
            ],
            "ipv6_addresses": [
              "fe80::896:1aff:fec6:f9"
            ],
            "memory_max": 2147467264,
            "name_description": "",
            "name_label": "Kubernetes",
            "network": [
              {
                "attached": true,
                "device": "0",
                "ipv4_addresses": [
                  "192.168.3.162"
                ],
                "ipv6_addresses": [
                  "fe80::896:1aff:fec6:f9"
                ],
                "mac_address": "0a:96:1a:c6:00:f9",
                "network_id": "06e1ffdc-30e9-66f7-f265-992376416c35"
              }
            ],
            "power_state": "Running",
            "resource_set": "",
            "start_delay": 0,
            "tags": [],
            "template": "ef89afef-6799-1040-05e1-2274044a15fa",
            "timeouts": null,
            "vga": "std",
            "videoram": 8,
            "wait_for_ip": true
          },
          "sensitive_attributes": [],
          "private": "eyJlMmJmYjczMC1lY2FhLTExZTYtOGY4OC0zNDM2M2JjN2M0YzAiOnsiY3JlYXRlIjozMDAwMDAwMDAwMDAsImRlbGV0ZSI6MzAwMDAwMDAwMDAwLCJ1cGRhdGUiOjMwMDAwMDAwMDAwMH19",
          "dependencies": [
            "data.xenorchestra_network.network",
            "data.xenorchestra_pool.pool",
            "data.xenorchestra_sr.sr",
            "data.xenorchestra_template.template"
          ]
        }
      ]
    },
    {
      "mode": "managed",
      "type": "xenorchestra_vm",
      "name": "vm2",
      "provider": "provider[\"registry.terraform.io/terra-farm/xenorchestra\"]",
      "instances": [
        {
          "schema_version": 0,
          "attributes": {
            "affinity_host": "",
            "auto_poweron": true,
            "blocked_operations": [],
            "cdrom": [],
            "cloud_config": null,
            "cloud_network_config": null,
            "core_os": false,
            "cpu_cap": 0,
            "cpu_weight": 0,
            "cpus": 2,
            "disk": [
              {
                "attached": true,
                "name_description": "",
                "name_label": "VM root volume",
                "position": "0",
                "size": 53687091200,
                "sr_id": "8fd11492-f4b9-762c-1583-373ff9b305e9",
                "vbd_id": "c2661245-509d-6334-c2c8-0fe581f728cf",
                "vdi_id": "54906cbf-5807-4339-bda1-dec044f7ede7"
              }
            ],
            "exp_nested_hvm": false,
            "high_availability": "",
            "host": null,
            "hvm_boot_firmware": "bios",
            "id": "4d7162a2-fb7b-8ac5-849f-81747b0fd0b4",
            "installation_method": null,
            "ipv4_addresses": [
              "192.168.3.163"
            ],
            "ipv6_addresses": [
              "fe80::98fb:13ff:fe56:e654"
            ],
            "memory_max": 2147467264,
            "name_description": "",
            "name_label": "Kubernetes-2",
            "network": [
              {
                "attached": true,
                "device": "0",
                "ipv4_addresses": [
                  "192.168.3.163"
                ],
                "ipv6_addresses": [
                  "fe80::98fb:13ff:fe56:e654"
                ],
                "mac_address": "9a:fb:13:56:e6:54",
                "network_id": "06e1ffdc-30e9-66f7-f265-992376416c35"
              }
            ],
            "power_state": "Running",
            "resource_set": "",
            "start_delay": 0,
            "tags": [],
            "template": "ef89afef-6799-1040-05e1-2274044a15fa",
            "timeouts": null,
            "vga": "std",
            "videoram": 8,
            "wait_for_ip": true
          },
          "sensitive_attributes": [],
          "private": "eyJlMmJmYjczMC1lY2FhLTExZTYtOGY4OC0zNDM2M2JjN2M0YzAiOnsiY3JlYXRlIjozMDAwMDAwMDAwMDAsImRlbGV0ZSI6MzAwMDAwMDAwMDAwLCJ1cGRhdGUiOjMwMDAwMDAwMDAwMH19",
          "dependencies": [
            "data.xenorchestra_network.network",
            "data.xenorchestra_pool.pool",
            "data.xenorchestra_sr.sr",
            "data.xenorchestra_template.template"
          ]
        }
      ]
    },
    {
      "mode": "managed",
      "type": "xenorchestra_vm",
      "name": "vm3",
      "provider": "provider[\"registry.terraform.io/terra-farm/xenorchestra\"]",
      "instances": [
        {
          "schema_version": 0,
          "attributes": {
            "affinity_host": "",
            "auto_poweron": true,
            "blocked_operations": [],
            "cdrom": [],
            "cloud_config": null,
            "cloud_network_config": null,
            "core_os": false,
            "cpu_cap": 0,
            "cpu_weight": 0,
            "cpus": 2,
            "disk": [
              {
                "attached": true,
                "name_description": "",
                "name_label": "VM root volume",
                "position": "0",
                "size": 53687091200,
                "sr_id": "8fd11492-f4b9-762c-1583-373ff9b305e9",
                "vbd_id": "f128e49c-7994-1ee9-6ccf-4a17b9a650e1",
                "vdi_id": "699fe81d-9833-42d9-85d4-24295c3c22ff"
              }
            ],
            "exp_nested_hvm": false,
            "high_availability": "",
            "host": null,
            "hvm_boot_firmware": "bios",
            "id": "398761d8-f593-940c-ca7a-dfff4f00c45b",
            "installation_method": null,
            "ipv4_addresses": [
              "192.168.3.164"
            ],
            "ipv6_addresses": [
              "fe80::e450:88ff:fea2:3835"
            ],
            "memory_max": 2147467264,
            "name_description": "",
            "name_label": "Kubernetes-3",
            "network": [
              {
                "attached": true,
                "device": "0",
                "ipv4_addresses": [
                  "192.168.3.164"
                ],
                "ipv6_addresses": [
                  "fe80::e450:88ff:fea2:3835"
                ],
                "mac_address": "e6:50:88:a2:38:35",
                "network_id": "06e1ffdc-30e9-66f7-f265-992376416c35"
              }
            ],
            "power_state": "Running",
            "resource_set": "",
            "start_delay": 0,
            "tags": [],
            "template": "ef89afef-6799-1040-05e1-2274044a15fa",
            "timeouts": null,
            "vga": "std",
            "videoram": 8,
            "wait_for_ip": true
          },
          "sensitive_attributes": [],
          "private": "eyJlMmJmYjczMC1lY2FhLTExZTYtOGY4OC0zNDM2M2JjN2M0YzAiOnsiY3JlYXRlIjozMDAwMDAwMDAwMDAsImRlbGV0ZSI6MzAwMDAwMDAwMDAwLCJ1cGRhdGUiOjMwMDAwMDAwMDAwMH19",
          "dependencies": [
            "data.xenorchestra_network.network",
            "data.xenorchestra_pool.pool",
            "data.xenorchestra_sr.sr",
            "data.xenorchestra_template.template"
          ]
        }
      ]
    }
  ],
  "check_results": null
}
